
Microsoft Visual Studio Solution File, Format Version 12.00
# Visual Studio Version 17
VisualStudioVersion = 17.3.32611.2
MinimumVisualStudioVersion = 10.0.40219.1
Project("{FAE04EC0-301F-11D3-BF4B-00C04F79EFBC}") = "Scripture.Api", "Scripture.Api.csproj", "{C30F9086-9758-4E36-86A8-2EDA8AA16EC4}"
EndProject
Global
	GlobalSection(SolutionConfigurationPlatforms) = preSolution
		Debug|Any CPU = Debug|Any CPU
		Release|Any CPU = Release|Any CPU
	EndGlobalSection
	GlobalSection(ProjectConfigurationPlatforms) = postSolution
		{C30F9086-9758-4E36-86A8-2EDA8AA16EC4}.Debug|Any CPU.ActiveCfg = Debug|Any CPU
		{C30F9086-9758-4E36-86A8-2EDA8AA16EC4}.Debug|Any CPU.Build.0 = Debug|Any CPU
		{C30F9086-9758-4E36-86A8-2EDA8AA16EC4}.Release|Any CPU.ActiveCfg = Release|Any CPU
		{C30F9086-9758-4E36-86A8-2EDA8AA16EC4}.Release|Any CPU.Build.0 = Release|Any CPU
	EndGlobalSection
	GlobalSection(SolutionProperties) = preSolution
		HideSolutionNode = FALSE
	EndGlobalSection
	GlobalSection(ExtensibilityGlobals) = postSolution
		SolutionGuid = {17EE7B99-0C9B-4487-BF24-CC9E8AEA3D7A}
	EndGlobalSection
EndGlobal
